
Microsoft Visual Studio Solution File, Format Version 12.00
# Visual Studio 14
VisualStudioVersion = 14.0.24720.0
MinimumVisualStudioVersion = 10.0.40219.1
Project("{D954291E-2A0B-460D-934E-DC6B0785DB48}") = "WF.Player.Forms", "WF.Player.Forms\WF.Player.Forms.shproj", "{7AE73E08-8DCE-4DD9-AF94-C511A3609759}"
EndProject
Project("{FAE04EC0-301F-11D3-BF4B-00C04F79EFBC}") = "WF.Player.Droid", "WF.Player.Droid\WF.Player.Droid.csproj", "{638B34E5-073A-4480-A935-6F17E2CD8831}"
EndProject
Project("{FAE04EC0-301F-11D3-BF4B-00C04F79EFBC}") = "Eluant.PCL", "WF.Player.Core\Eluant\Eluant\Eluant.PCL.csproj", "{9EEB0A54-1325-49B7-94EB-C04140713520}"
EndProject
Project("{FAE04EC0-301F-11D3-BF4B-00C04F79EFBC}") = "WF.Player.Core.PCL", "WF.Player.Core\Core\WF.Player.Core.PCL.csproj", "{785D6E09-3BBE-4DDB-AB31-1BFF6F3226C4}"
EndProject
Project("{FAE04EC0-301F-11D3-BF4B-00C04F79EFBC}") = "WF.Player.iOS", "WF.Player.iOS\WF.Player.iOS.csproj", "{4B63E07B-7E0B-49C3-933C-1EA067FE7CBD}"
EndProject
Project("{FAE04EC0-301F-11D3-BF4B-00C04F79EFBC}") = "WF.Player.WinPhone", "WF.Player.WinPhone\WF.Player.WinPhone.csproj", "{293B8D36-A067-4BF1-A404-6C4AB70D30B6}"
EndProject
Project("{8BC9CEB8-8B4A-11D0-8D11-00A0C91BC942}") = "lua5.1", "Lua-5.1\wp8_build\lua\lua5.1\lua5.1.vcxproj", "{51334677-A80F-40F7-8CFE-5DA0A92AC0C6}"
EndProject
Global
	GlobalSection(SharedMSBuildProjectFiles) = preSolution
		WF.Player.Forms\WF.Player.Forms.projitems*{293b8d36-a067-4bf1-a404-6c4ab70d30b6}*SharedItemsImports = 4
		WF.Player.Forms\WF.Player.Forms.projitems*{638b34e5-073a-4480-a935-6f17e2cd8831}*SharedItemsImports = 4
		WF.Player.Forms\WF.Player.Forms.projitems*{4b63e07b-7e0b-49c3-933c-1ea067fe7cbd}*SharedItemsImports = 4
		WF.Player.Forms\WF.Player.Forms.projitems*{7ae73e08-8dce-4dd9-af94-c511a3609759}*SharedItemsImports = 13
	EndGlobalSection
	GlobalSection(SolutionConfigurationPlatforms) = preSolution
		Ad-Hoc|Any CPU = Ad-Hoc|Any CPU
		Ad-Hoc|ARM = Ad-Hoc|ARM
		Ad-Hoc|iPhone = Ad-Hoc|iPhone
		Ad-Hoc|iPhoneSimulator = Ad-Hoc|iPhoneSimulator
		Ad-Hoc|x64 = Ad-Hoc|x64
		Ad-Hoc|x86 = Ad-Hoc|x86
		AppStore|Any CPU = AppStore|Any CPU
		AppStore|ARM = AppStore|ARM
		AppStore|iPhone = AppStore|iPhone
		AppStore|iPhoneSimulator = AppStore|iPhoneSimulator
		AppStore|x64 = AppStore|x64
		AppStore|x86 = AppStore|x86
		Debug|Any CPU = Debug|Any CPU
		Debug|ARM = Debug|ARM
		Debug|iPhone = Debug|iPhone
		Debug|iPhoneSimulator = Debug|iPhoneSimulator
		Debug|x64 = Debug|x64
		Debug|x86 = Debug|x86
		DebugIOS|Any CPU = DebugIOS|Any CPU
		DebugIOS|ARM = DebugIOS|ARM
		DebugIOS|iPhone = DebugIOS|iPhone
		DebugIOS|iPhoneSimulator = DebugIOS|iPhoneSimulator
		DebugIOS|x64 = DebugIOS|x64
		DebugIOS|x86 = DebugIOS|x86
		DebugWP8|Any CPU = DebugWP8|Any CPU
		DebugWP8|ARM = DebugWP8|ARM
		DebugWP8|iPhone = DebugWP8|iPhone
		DebugWP8|iPhoneSimulator = DebugWP8|iPhoneSimulator
		DebugWP8|x64 = DebugWP8|x64
		DebugWP8|x86 = DebugWP8|x86
		Release|Any CPU = Release|Any CPU
		Release|ARM = Release|ARM
		Release|iPhone = Release|iPhone
		Release|iPhoneSimulator = Release|iPhoneSimulator
		Release|x64 = Release|x64
		Release|x86 = Release|x86
	EndGlobalSection
	GlobalSection(ProjectConfigurationPlatforms) = postSolution
		{638B34E5-073A-4480-A935-6F17E2CD8831}.Ad-Hoc|Any CPU.ActiveCfg = Release|Any CPU
		{638B34E5-073A-4480-A935-6F17E2CD8831}.Ad-Hoc|ARM.ActiveCfg = Debug iPhoneSimulator|Any CPU
		{638B34E5-073A-4480-A935-6F17E2CD8831}.Ad-Hoc|ARM.Build.0 = Debug iPhoneSimulator|Any CPU
		{638B34E5-073A-4480-A935-6F17E2CD8831}.Ad-Hoc|ARM.Deploy.0 = Debug iPhoneSimulator|Any CPU
		{638B34E5-073A-4480-A935-6F17E2CD8831}.Ad-Hoc|iPhone.ActiveCfg = Debug|Any CPU
		{638B34E5-073A-4480-A935-6F17E2CD8831}.Ad-Hoc|iPhoneSimulator.ActiveCfg = Release|Any CPU
		{638B34E5-073A-4480-A935-6F17E2CD8831}.Ad-Hoc|x64.ActiveCfg = Debug iPhone|Any CPU
		{638B34E5-073A-4480-A935-6F17E2CD8831}.Ad-Hoc|x64.Build.0 = Debug iPhone|Any CPU
		{638B34E5-073A-4480-A935-6F17E2CD8831}.Ad-Hoc|x64.Deploy.0 = Debug iPhone|Any CPU
		{638B34E5-073A-4480-A935-6F17E2CD8831}.Ad-Hoc|x86.ActiveCfg = Debug iPhoneSimulator|Any CPU
		{638B34E5-073A-4480-A935-6F17E2CD8831}.Ad-Hoc|x86.Build.0 = Debug iPhoneSimulator|Any CPU
		{638B34E5-073A-4480-A935-6F17E2CD8831}.Ad-Hoc|x86.Deploy.0 = Debug iPhoneSimulator|Any CPU
		{638B34E5-073A-4480-A935-6F17E2CD8831}.AppStore|Any CPU.ActiveCfg = Release|Any CPU
		{638B34E5-073A-4480-A935-6F17E2CD8831}.AppStore|ARM.ActiveCfg = Debug iPhoneSimulator|Any CPU
		{638B34E5-073A-4480-A935-6F17E2CD8831}.AppStore|ARM.Build.0 = Debug iPhoneSimulator|Any CPU
		{638B34E5-073A-4480-A935-6F17E2CD8831}.AppStore|ARM.Deploy.0 = Debug iPhoneSimulator|Any CPU
		{638B34E5-073A-4480-A935-6F17E2CD8831}.AppStore|iPhone.ActiveCfg = Debug|Any CPU
		{638B34E5-073A-4480-A935-6F17E2CD8831}.AppStore|iPhoneSimulator.ActiveCfg = Release|Any CPU
		{638B34E5-073A-4480-A935-6F17E2CD8831}.AppStore|x64.ActiveCfg = Debug iPhone|Any CPU
		{638B34E5-073A-4480-A935-6F17E2CD8831}.AppStore|x64.Build.0 = Debug iPhone|Any CPU
		{638B34E5-073A-4480-A935-6F17E2CD8831}.AppStore|x64.Deploy.0 = Debug iPhone|Any CPU
		{638B34E5-073A-4480-A935-6F17E2CD8831}.AppStore|x86.ActiveCfg = Debug iPhoneSimulator|Any CPU
		{638B34E5-073A-4480-A935-6F17E2CD8831}.AppStore|x86.Build.0 = Debug iPhoneSimulator|Any CPU
		{638B34E5-073A-4480-A935-6F17E2CD8831}.AppStore|x86.Deploy.0 = Debug iPhoneSimulator|Any CPU
		{638B34E5-073A-4480-A935-6F17E2CD8831}.Debug|Any CPU.ActiveCfg = Debug|Any CPU
		{638B34E5-073A-4480-A935-6F17E2CD8831}.Debug|Any CPU.Build.0 = Debug|Any CPU
		{638B34E5-073A-4480-A935-6F17E2CD8831}.Debug|Any CPU.Deploy.0 = Debug|Any CPU
		{638B34E5-073A-4480-A935-6F17E2CD8831}.Debug|ARM.ActiveCfg = Debug|Any CPU
		{638B34E5-073A-4480-A935-6F17E2CD8831}.Debug|ARM.Build.0 = Debug|Any CPU
		{638B34E5-073A-4480-A935-6F17E2CD8831}.Debug|ARM.Deploy.0 = Debug|Any CPU
		{638B34E5-073A-4480-A935-6F17E2CD8831}.Debug|iPhone.ActiveCfg = Debug|Any CPU
		{638B34E5-073A-4480-A935-6F17E2CD8831}.Debug|iPhone.Build.0 = Debug|Any CPU
		{638B34E5-073A-4480-A935-6F17E2CD8831}.Debug|iPhoneSimulator.ActiveCfg = Debug|Any CPU
		{638B34E5-073A-4480-A935-6F17E2CD8831}.Debug|iPhoneSimulator.Build.0 = Debug|Any CPU
		{638B34E5-073A-4480-A935-6F17E2CD8831}.Debug|x64.ActiveCfg = Debug|Any CPU
		{638B34E5-073A-4480-A935-6F17E2CD8831}.Debug|x64.Build.0 = Debug|Any CPU
		{638B34E5-073A-4480-A935-6F17E2CD8831}.Debug|x64.Deploy.0 = Debug|Any CPU
		{638B34E5-073A-4480-A935-6F17E2CD8831}.Debug|x86.ActiveCfg = Debug|Any CPU
		{638B34E5-073A-4480-A935-6F17E2CD8831}.Debug|x86.Build.0 = Debug|Any CPU
		{638B34E5-073A-4480-A935-6F17E2CD8831}.Debug|x86.Deploy.0 = Debug|Any CPU
		{638B34E5-073A-4480-A935-6F17E2CD8831}.DebugIOS|Any CPU.ActiveCfg = DebugIOS|Any CPU
		{638B34E5-073A-4480-A935-6F17E2CD8831}.DebugIOS|Any CPU.Build.0 = DebugIOS|Any CPU
		{638B34E5-073A-4480-A935-6F17E2CD8831}.DebugIOS|Any CPU.Deploy.0 = DebugIOS|Any CPU
		{638B34E5-073A-4480-A935-6F17E2CD8831}.DebugIOS|ARM.ActiveCfg = DebugIOS|Any CPU
		{638B34E5-073A-4480-A935-6F17E2CD8831}.DebugIOS|ARM.Build.0 = DebugIOS|Any CPU
		{638B34E5-073A-4480-A935-6F17E2CD8831}.DebugIOS|ARM.Deploy.0 = DebugIOS|Any CPU
		{638B34E5-073A-4480-A935-6F17E2CD8831}.DebugIOS|iPhone.ActiveCfg = DebugIOS|Any CPU
		{638B34E5-073A-4480-A935-6F17E2CD8831}.DebugIOS|iPhoneSimulator.ActiveCfg = DebugIOS|Any CPU
		{638B34E5-073A-4480-A935-6F17E2CD8831}.DebugIOS|x64.ActiveCfg = DebugIOS|Any CPU
		{638B34E5-073A-4480-A935-6F17E2CD8831}.DebugIOS|x64.Build.0 = DebugIOS|Any CPU
		{638B34E5-073A-4480-A935-6F17E2CD8831}.DebugIOS|x64.Deploy.0 = DebugIOS|Any CPU
		{638B34E5-073A-4480-A935-6F17E2CD8831}.DebugIOS|x86.ActiveCfg = DebugIOS|Any CPU
		{638B34E5-073A-4480-A935-6F17E2CD8831}.DebugIOS|x86.Build.0 = DebugIOS|Any CPU
		{638B34E5-073A-4480-A935-6F17E2CD8831}.DebugIOS|x86.Deploy.0 = DebugIOS|Any CPU
		{638B34E5-073A-4480-A935-6F17E2CD8831}.DebugWP8|Any CPU.ActiveCfg = DebugWP8|Any CPU
		{638B34E5-073A-4480-A935-6F17E2CD8831}.DebugWP8|ARM.ActiveCfg = DebugWP8|Any CPU
		{638B34E5-073A-4480-A935-6F17E2CD8831}.DebugWP8|iPhone.ActiveCfg = DebugWP8|Any CPU
		{638B34E5-073A-4480-A935-6F17E2CD8831}.DebugWP8|iPhone.Build.0 = DebugWP8|Any CPU
		{638B34E5-073A-4480-A935-6F17E2CD8831}.DebugWP8|iPhone.Deploy.0 = DebugWP8|Any CPU
		{638B34E5-073A-4480-A935-6F17E2CD8831}.DebugWP8|iPhoneSimulator.ActiveCfg = DebugWP8|Any CPU
		{638B34E5-073A-4480-A935-6F17E2CD8831}.DebugWP8|iPhoneSimulator.Build.0 = DebugWP8|Any CPU
		{638B34E5-073A-4480-A935-6F17E2CD8831}.DebugWP8|iPhoneSimulator.Deploy.0 = DebugWP8|Any CPU
		{638B34E5-073A-4480-A935-6F17E2CD8831}.DebugWP8|x64.ActiveCfg = DebugWP8|Any CPU
		{638B34E5-073A-4480-A935-6F17E2CD8831}.DebugWP8|x64.Build.0 = DebugWP8|Any CPU
		{638B34E5-073A-4480-A935-6F17E2CD8831}.DebugWP8|x64.Deploy.0 = DebugWP8|Any CPU
		{638B34E5-073A-4480-A935-6F17E2CD8831}.DebugWP8|x86.ActiveCfg = DebugWP8|Any CPU
		{638B34E5-073A-4480-A935-6F17E2CD8831}.Release|Any CPU.ActiveCfg = Release|Any CPU
		{638B34E5-073A-4480-A935-6F17E2CD8831}.Release|Any CPU.Build.0 = Release|Any CPU
		{638B34E5-073A-4480-A935-6F17E2CD8831}.Release|ARM.ActiveCfg = Release|Any CPU
		{638B34E5-073A-4480-A935-6F17E2CD8831}.Release|ARM.Build.0 = Release|Any CPU
		{638B34E5-073A-4480-A935-6F17E2CD8831}.Release|ARM.Deploy.0 = Release|Any CPU
		{638B34E5-073A-4480-A935-6F17E2CD8831}.Release|iPhone.ActiveCfg = Release|Any CPU
		{638B34E5-073A-4480-A935-6F17E2CD8831}.Release|iPhone.Build.0 = Release|Any CPU
		{638B34E5-073A-4480-A935-6F17E2CD8831}.Release|iPhoneSimulator.ActiveCfg = Release|Any CPU
		{638B34E5-073A-4480-A935-6F17E2CD8831}.Release|iPhoneSimulator.Build.0 = Release|Any CPU
		{638B34E5-073A-4480-A935-6F17E2CD8831}.Release|x64.ActiveCfg = Release|Any CPU
		{638B34E5-073A-4480-A935-6F17E2CD8831}.Release|x64.Build.0 = Release|Any CPU
		{638B34E5-073A-4480-A935-6F17E2CD8831}.Release|x64.Deploy.0 = Release|Any CPU
		{638B34E5-073A-4480-A935-6F17E2CD8831}.Release|x86.ActiveCfg = Release|Any CPU
		{638B34E5-073A-4480-A935-6F17E2CD8831}.Release|x86.Build.0 = Release|Any CPU
		{638B34E5-073A-4480-A935-6F17E2CD8831}.Release|x86.Deploy.0 = Release|Any CPU
		{9EEB0A54-1325-49B7-94EB-C04140713520}.Ad-Hoc|Any CPU.ActiveCfg = Release|Any CPU
		{9EEB0A54-1325-49B7-94EB-C04140713520}.Ad-Hoc|Any CPU.Build.0 = Release|Any CPU
		{9EEB0A54-1325-49B7-94EB-C04140713520}.Ad-Hoc|ARM.ActiveCfg = Debug iPhoneSimulator|Any CPU
		{9EEB0A54-1325-49B7-94EB-C04140713520}.Ad-Hoc|ARM.Build.0 = Debug iPhoneSimulator|Any CPU
		{9EEB0A54-1325-49B7-94EB-C04140713520}.Ad-Hoc|iPhone.ActiveCfg = Release|Any CPU
		{9EEB0A54-1325-49B7-94EB-C04140713520}.Ad-Hoc|iPhone.Build.0 = Release|Any CPU
		{9EEB0A54-1325-49B7-94EB-C04140713520}.Ad-Hoc|iPhoneSimulator.ActiveCfg = Release|Any CPU
		{9EEB0A54-1325-49B7-94EB-C04140713520}.Ad-Hoc|iPhoneSimulator.Build.0 = Release|Any CPU
		{9EEB0A54-1325-49B7-94EB-C04140713520}.Ad-Hoc|x64.ActiveCfg = Debug iPhone|Any CPU
		{9EEB0A54-1325-49B7-94EB-C04140713520}.Ad-Hoc|x64.Build.0 = Debug iPhone|Any CPU
		{9EEB0A54-1325-49B7-94EB-C04140713520}.Ad-Hoc|x86.ActiveCfg = Debug iPhoneSimulator|Any CPU
		{9EEB0A54-1325-49B7-94EB-C04140713520}.Ad-Hoc|x86.Build.0 = Debug iPhoneSimulator|Any CPU
		{9EEB0A54-1325-49B7-94EB-C04140713520}.AppStore|Any CPU.ActiveCfg = Release|Any CPU
		{9EEB0A54-1325-49B7-94EB-C04140713520}.AppStore|Any CPU.Build.0 = Release|Any CPU
		{9EEB0A54-1325-49B7-94EB-C04140713520}.AppStore|ARM.ActiveCfg = Debug iPhoneSimulator|Any CPU
		{9EEB0A54-1325-49B7-94EB-C04140713520}.AppStore|ARM.Build.0 = Debug iPhoneSimulator|Any CPU
		{9EEB0A54-1325-49B7-94EB-C04140713520}.AppStore|iPhone.ActiveCfg = Release|Any CPU
		{9EEB0A54-1325-49B7-94EB-C04140713520}.AppStore|iPhone.Build.0 = Release|Any CPU
		{9EEB0A54-1325-49B7-94EB-C04140713520}.AppStore|iPhoneSimulator.ActiveCfg = Release|Any CPU
		{9EEB0A54-1325-49B7-94EB-C04140713520}.AppStore|iPhoneSimulator.Build.0 = Release|Any CPU
		{9EEB0A54-1325-49B7-94EB-C04140713520}.AppStore|x64.ActiveCfg = Debug iPhone|Any CPU
		{9EEB0A54-1325-49B7-94EB-C04140713520}.AppStore|x64.Build.0 = Debug iPhone|Any CPU
		{9EEB0A54-1325-49B7-94EB-C04140713520}.AppStore|x86.ActiveCfg = Debug iPhoneSimulator|Any CPU
		{9EEB0A54-1325-49B7-94EB-C04140713520}.AppStore|x86.Build.0 = Debug iPhoneSimulator|Any CPU
		{9EEB0A54-1325-49B7-94EB-C04140713520}.Debug|Any CPU.ActiveCfg = Debug|Any CPU
		{9EEB0A54-1325-49B7-94EB-C04140713520}.Debug|Any CPU.Build.0 = Debug|Any CPU
		{9EEB0A54-1325-49B7-94EB-C04140713520}.Debug|ARM.ActiveCfg = Debug|Any CPU
		{9EEB0A54-1325-49B7-94EB-C04140713520}.Debug|ARM.Build.0 = Debug|Any CPU
		{9EEB0A54-1325-49B7-94EB-C04140713520}.Debug|iPhone.ActiveCfg = Debug|Any CPU
		{9EEB0A54-1325-49B7-94EB-C04140713520}.Debug|iPhone.Build.0 = Debug|Any CPU
		{9EEB0A54-1325-49B7-94EB-C04140713520}.Debug|iPhoneSimulator.ActiveCfg = Debug|Any CPU
		{9EEB0A54-1325-49B7-94EB-C04140713520}.Debug|iPhoneSimulator.Build.0 = Debug|Any CPU
		{9EEB0A54-1325-49B7-94EB-C04140713520}.Debug|x64.ActiveCfg = Debug|Any CPU
		{9EEB0A54-1325-49B7-94EB-C04140713520}.Debug|x64.Build.0 = Debug|Any CPU
		{9EEB0A54-1325-49B7-94EB-C04140713520}.Debug|x86.ActiveCfg = Debug|Any CPU
		{9EEB0A54-1325-49B7-94EB-C04140713520}.Debug|x86.Build.0 = Debug|Any CPU
		{9EEB0A54-1325-49B7-94EB-C04140713520}.DebugIOS|Any CPU.ActiveCfg = DebugIOS|Any CPU
		{9EEB0A54-1325-49B7-94EB-C04140713520}.DebugIOS|Any CPU.Build.0 = DebugIOS|Any CPU
		{9EEB0A54-1325-49B7-94EB-C04140713520}.DebugIOS|ARM.ActiveCfg = DebugIOS|Any CPU
		{9EEB0A54-1325-49B7-94EB-C04140713520}.DebugIOS|ARM.Build.0 = DebugIOS|Any CPU
		{9EEB0A54-1325-49B7-94EB-C04140713520}.DebugIOS|iPhone.ActiveCfg = DebugIOS|Any CPU
		{9EEB0A54-1325-49B7-94EB-C04140713520}.DebugIOS|iPhone.Build.0 = DebugIOS|Any CPU
		{9EEB0A54-1325-49B7-94EB-C04140713520}.DebugIOS|iPhoneSimulator.ActiveCfg = DebugIOS|Any CPU
		{9EEB0A54-1325-49B7-94EB-C04140713520}.DebugIOS|iPhoneSimulator.Build.0 = DebugIOS|Any CPU
		{9EEB0A54-1325-49B7-94EB-C04140713520}.DebugIOS|x64.ActiveCfg = DebugIOS|Any CPU
		{9EEB0A54-1325-49B7-94EB-C04140713520}.DebugIOS|x64.Build.0 = DebugIOS|Any CPU
		{9EEB0A54-1325-49B7-94EB-C04140713520}.DebugIOS|x86.ActiveCfg = DebugIOS|Any CPU
		{9EEB0A54-1325-49B7-94EB-C04140713520}.DebugIOS|x86.Build.0 = DebugIOS|Any CPU
		{9EEB0A54-1325-49B7-94EB-C04140713520}.DebugWP8|Any CPU.ActiveCfg = DebugWP8|Any CPU
		{9EEB0A54-1325-49B7-94EB-C04140713520}.DebugWP8|Any CPU.Build.0 = DebugWP8|Any CPU
		{9EEB0A54-1325-49B7-94EB-C04140713520}.DebugWP8|ARM.ActiveCfg = DebugWP8|Any CPU
		{9EEB0A54-1325-49B7-94EB-C04140713520}.DebugWP8|ARM.Build.0 = DebugWP8|Any CPU
		{9EEB0A54-1325-49B7-94EB-C04140713520}.DebugWP8|iPhone.ActiveCfg = DebugWP8|Any CPU
		{9EEB0A54-1325-49B7-94EB-C04140713520}.DebugWP8|iPhone.Build.0 = DebugWP8|Any CPU
		{9EEB0A54-1325-49B7-94EB-C04140713520}.DebugWP8|iPhoneSimulator.ActiveCfg = DebugWP8|Any CPU
		{9EEB0A54-1325-49B7-94EB-C04140713520}.DebugWP8|iPhoneSimulator.Build.0 = DebugWP8|Any CPU
		{9EEB0A54-1325-49B7-94EB-C04140713520}.DebugWP8|x64.ActiveCfg = DebugWP8|Any CPU
		{9EEB0A54-1325-49B7-94EB-C04140713520}.DebugWP8|x64.Build.0 = DebugWP8|Any CPU
		{9EEB0A54-1325-49B7-94EB-C04140713520}.DebugWP8|x86.ActiveCfg = DebugWP8|Any CPU
		{9EEB0A54-1325-49B7-94EB-C04140713520}.DebugWP8|x86.Build.0 = DebugWP8|Any CPU
		{9EEB0A54-1325-49B7-94EB-C04140713520}.Release|Any CPU.ActiveCfg = Release|Any CPU
		{9EEB0A54-1325-49B7-94EB-C04140713520}.Release|Any CPU.Build.0 = Release|Any CPU
		{9EEB0A54-1325-49B7-94EB-C04140713520}.Release|ARM.ActiveCfg = Release|Any CPU
		{9EEB0A54-1325-49B7-94EB-C04140713520}.Release|ARM.Build.0 = Release|Any CPU
		{9EEB0A54-1325-49B7-94EB-C04140713520}.Release|iPhone.ActiveCfg = Release|Any CPU
		{9EEB0A54-1325-49B7-94EB-C04140713520}.Release|iPhone.Build.0 = Release|Any CPU
		{9EEB0A54-1325-49B7-94EB-C04140713520}.Release|iPhoneSimulator.ActiveCfg = Release|Any CPU
		{9EEB0A54-1325-49B7-94EB-C04140713520}.Release|iPhoneSimulator.Build.0 = Release|Any CPU
		{9EEB0A54-1325-49B7-94EB-C04140713520}.Release|x64.ActiveCfg = Release|Any CPU
		{9EEB0A54-1325-49B7-94EB-C04140713520}.Release|x64.Build.0 = Release|Any CPU
		{9EEB0A54-1325-49B7-94EB-C04140713520}.Release|x86.ActiveCfg = Release|Any CPU
		{9EEB0A54-1325-49B7-94EB-C04140713520}.Release|x86.Build.0 = Release|Any CPU
		{785D6E09-3BBE-4DDB-AB31-1BFF6F3226C4}.Ad-Hoc|Any CPU.ActiveCfg = Release|Any CPU
		{785D6E09-3BBE-4DDB-AB31-1BFF6F3226C4}.Ad-Hoc|Any CPU.Build.0 = Release|Any CPU
		{785D6E09-3BBE-4DDB-AB31-1BFF6F3226C4}.Ad-Hoc|ARM.ActiveCfg = Debug iPhoneSimulator|Any CPU
		{785D6E09-3BBE-4DDB-AB31-1BFF6F3226C4}.Ad-Hoc|ARM.Build.0 = Debug iPhoneSimulator|Any CPU
		{785D6E09-3BBE-4DDB-AB31-1BFF6F3226C4}.Ad-Hoc|iPhone.ActiveCfg = Release|Any CPU
		{785D6E09-3BBE-4DDB-AB31-1BFF6F3226C4}.Ad-Hoc|iPhone.Build.0 = Release|Any CPU
		{785D6E09-3BBE-4DDB-AB31-1BFF6F3226C4}.Ad-Hoc|iPhoneSimulator.ActiveCfg = Release|Any CPU
		{785D6E09-3BBE-4DDB-AB31-1BFF6F3226C4}.Ad-Hoc|iPhoneSimulator.Build.0 = Release|Any CPU
		{785D6E09-3BBE-4DDB-AB31-1BFF6F3226C4}.Ad-Hoc|x64.ActiveCfg = Debug iPhone|Any CPU
		{785D6E09-3BBE-4DDB-AB31-1BFF6F3226C4}.Ad-Hoc|x64.Build.0 = Debug iPhone|Any CPU
		{785D6E09-3BBE-4DDB-AB31-1BFF6F3226C4}.Ad-Hoc|x86.ActiveCfg = Debug iPhoneSimulator|Any CPU
		{785D6E09-3BBE-4DDB-AB31-1BFF6F3226C4}.Ad-Hoc|x86.Build.0 = Debug iPhoneSimulator|Any CPU
		{785D6E09-3BBE-4DDB-AB31-1BFF6F3226C4}.AppStore|Any CPU.ActiveCfg = Release|Any CPU
		{785D6E09-3BBE-4DDB-AB31-1BFF6F3226C4}.AppStore|Any CPU.Build.0 = Release|Any CPU
		{785D6E09-3BBE-4DDB-AB31-1BFF6F3226C4}.AppStore|ARM.ActiveCfg = Debug iPhoneSimulator|Any CPU
		{785D6E09-3BBE-4DDB-AB31-1BFF6F3226C4}.AppStore|ARM.Build.0 = Debug iPhoneSimulator|Any CPU
		{785D6E09-3BBE-4DDB-AB31-1BFF6F3226C4}.AppStore|iPhone.ActiveCfg = Release|Any CPU
		{785D6E09-3BBE-4DDB-AB31-1BFF6F3226C4}.AppStore|iPhone.Build.0 = Release|Any CPU
		{785D6E09-3BBE-4DDB-AB31-1BFF6F3226C4}.AppStore|iPhoneSimulator.ActiveCfg = Release|Any CPU
		{785D6E09-3BBE-4DDB-AB31-1BFF6F3226C4}.AppStore|iPhoneSimulator.Build.0 = Release|Any CPU
		{785D6E09-3BBE-4DDB-AB31-1BFF6F3226C4}.AppStore|x64.ActiveCfg = Debug iPhone|Any CPU
		{785D6E09-3BBE-4DDB-AB31-1BFF6F3226C4}.AppStore|x64.Build.0 = Debug iPhone|Any CPU
		{785D6E09-3BBE-4DDB-AB31-1BFF6F3226C4}.AppStore|x86.ActiveCfg = Debug iPhoneSimulator|Any CPU
		{785D6E09-3BBE-4DDB-AB31-1BFF6F3226C4}.AppStore|x86.Build.0 = Debug iPhoneSimulator|Any CPU
		{785D6E09-3BBE-4DDB-AB31-1BFF6F3226C4}.Debug|Any CPU.ActiveCfg = Debug|Any CPU
		{785D6E09-3BBE-4DDB-AB31-1BFF6F3226C4}.Debug|Any CPU.Build.0 = Debug|Any CPU
		{785D6E09-3BBE-4DDB-AB31-1BFF6F3226C4}.Debug|ARM.ActiveCfg = Debug|Any CPU
		{785D6E09-3BBE-4DDB-AB31-1BFF6F3226C4}.Debug|ARM.Build.0 = Debug|Any CPU
		{785D6E09-3BBE-4DDB-AB31-1BFF6F3226C4}.Debug|iPhone.ActiveCfg = Debug|Any CPU
		{785D6E09-3BBE-4DDB-AB31-1BFF6F3226C4}.Debug|iPhone.Build.0 = Debug|Any CPU
		{785D6E09-3BBE-4DDB-AB31-1BFF6F3226C4}.Debug|iPhoneSimulator.ActiveCfg = Debug|Any CPU
		{785D6E09-3BBE-4DDB-AB31-1BFF6F3226C4}.Debug|iPhoneSimulator.Build.0 = Debug|Any CPU
		{785D6E09-3BBE-4DDB-AB31-1BFF6F3226C4}.Debug|x64.ActiveCfg = Debug|Any CPU
		{785D6E09-3BBE-4DDB-AB31-1BFF6F3226C4}.Debug|x64.Build.0 = Debug|Any CPU
		{785D6E09-3BBE-4DDB-AB31-1BFF6F3226C4}.Debug|x86.ActiveCfg = Debug|Any CPU
		{785D6E09-3BBE-4DDB-AB31-1BFF6F3226C4}.Debug|x86.Build.0 = Debug|Any CPU
		{785D6E09-3BBE-4DDB-AB31-1BFF6F3226C4}.DebugIOS|Any CPU.ActiveCfg = DebugIOS|Any CPU
		{785D6E09-3BBE-4DDB-AB31-1BFF6F3226C4}.DebugIOS|Any CPU.Build.0 = DebugIOS|Any CPU
		{785D6E09-3BBE-4DDB-AB31-1BFF6F3226C4}.DebugIOS|ARM.ActiveCfg = DebugIOS|Any CPU
		{785D6E09-3BBE-4DDB-AB31-1BFF6F3226C4}.DebugIOS|ARM.Build.0 = DebugIOS|Any CPU
		{785D6E09-3BBE-4DDB-AB31-1BFF6F3226C4}.DebugIOS|iPhone.ActiveCfg = DebugIOS|Any CPU
		{785D6E09-3BBE-4DDB-AB31-1BFF6F3226C4}.DebugIOS|iPhone.Build.0 = DebugIOS|Any CPU
		{785D6E09-3BBE-4DDB-AB31-1BFF6F3226C4}.DebugIOS|iPhoneSimulator.ActiveCfg = DebugIOS|Any CPU
		{785D6E09-3BBE-4DDB-AB31-1BFF6F3226C4}.DebugIOS|iPhoneSimulator.Build.0 = DebugIOS|Any CPU
		{785D6E09-3BBE-4DDB-AB31-1BFF6F3226C4}.DebugIOS|x64.ActiveCfg = DebugIOS|Any CPU
		{785D6E09-3BBE-4DDB-AB31-1BFF6F3226C4}.DebugIOS|x64.Build.0 = DebugIOS|Any CPU
		{785D6E09-3BBE-4DDB-AB31-1BFF6F3226C4}.DebugIOS|x86.ActiveCfg = DebugIOS|Any CPU
		{785D6E09-3BBE-4DDB-AB31-1BFF6F3226C4}.DebugIOS|x86.Build.0 = DebugIOS|Any CPU
		{785D6E09-3BBE-4DDB-AB31-1BFF6F3226C4}.DebugWP8|Any CPU.ActiveCfg = DebugWP8|Any CPU
		{785D6E09-3BBE-4DDB-AB31-1BFF6F3226C4}.DebugWP8|Any CPU.Build.0 = DebugWP8|Any CPU
		{785D6E09-3BBE-4DDB-AB31-1BFF6F3226C4}.DebugWP8|ARM.ActiveCfg = DebugWP8|Any CPU
		{785D6E09-3BBE-4DDB-AB31-1BFF6F3226C4}.DebugWP8|ARM.Build.0 = DebugWP8|Any CPU
		{785D6E09-3BBE-4DDB-AB31-1BFF6F3226C4}.DebugWP8|iPhone.ActiveCfg = DebugWP8|Any CPU
		{785D6E09-3BBE-4DDB-AB31-1BFF6F3226C4}.DebugWP8|iPhone.Build.0 = DebugWP8|Any CPU
		{785D6E09-3BBE-4DDB-AB31-1BFF6F3226C4}.DebugWP8|iPhoneSimulator.ActiveCfg = DebugWP8|Any CPU
		{785D6E09-3BBE-4DDB-AB31-1BFF6F3226C4}.DebugWP8|iPhoneSimulator.Build.0 = DebugWP8|Any CPU
		{785D6E09-3BBE-4DDB-AB31-1BFF6F3226C4}.DebugWP8|x64.ActiveCfg = DebugWP8|Any CPU
		{785D6E09-3BBE-4DDB-AB31-1BFF6F3226C4}.DebugWP8|x64.Build.0 = DebugWP8|Any CPU
		{785D6E09-3BBE-4DDB-AB31-1BFF6F3226C4}.DebugWP8|x86.ActiveCfg = DebugWP8|Any CPU
		{785D6E09-3BBE-4DDB-AB31-1BFF6F3226C4}.DebugWP8|x86.Build.0 = DebugWP8|Any CPU
		{785D6E09-3BBE-4DDB-AB31-1BFF6F3226C4}.Release|Any CPU.ActiveCfg = Release|Any CPU
		{785D6E09-3BBE-4DDB-AB31-1BFF6F3226C4}.Release|Any CPU.Build.0 = Release|Any CPU
		{785D6E09-3BBE-4DDB-AB31-1BFF6F3226C4}.Release|ARM.ActiveCfg = Release|Any CPU
		{785D6E09-3BBE-4DDB-AB31-1BFF6F3226C4}.Release|ARM.Build.0 = Release|Any CPU
		{785D6E09-3BBE-4DDB-AB31-1BFF6F3226C4}.Release|iPhone.ActiveCfg = Release|Any CPU
		{785D6E09-3BBE-4DDB-AB31-1BFF6F3226C4}.Release|iPhone.Build.0 = Release|Any CPU
		{785D6E09-3BBE-4DDB-AB31-1BFF6F3226C4}.Release|iPhoneSimulator.ActiveCfg = Release|Any CPU
		{785D6E09-3BBE-4DDB-AB31-1BFF6F3226C4}.Release|iPhoneSimulator.Build.0 = Release|Any CPU
		{785D6E09-3BBE-4DDB-AB31-1BFF6F3226C4}.Release|x64.ActiveCfg = Release|Any CPU
		{785D6E09-3BBE-4DDB-AB31-1BFF6F3226C4}.Release|x64.Build.0 = Release|Any CPU
		{785D6E09-3BBE-4DDB-AB31-1BFF6F3226C4}.Release|x86.ActiveCfg = Release|Any CPU
		{785D6E09-3BBE-4DDB-AB31-1BFF6F3226C4}.Release|x86.Build.0 = Release|Any CPU
		{4B63E07B-7E0B-49C3-933C-1EA067FE7CBD}.Ad-Hoc|Any CPU.ActiveCfg = Ad-Hoc|iPhone
		{4B63E07B-7E0B-49C3-933C-1EA067FE7CBD}.Ad-Hoc|ARM.ActiveCfg = Ad-Hoc|iPhoneSimulator
		{4B63E07B-7E0B-49C3-933C-1EA067FE7CBD}.Ad-Hoc|iPhone.ActiveCfg = Ad-Hoc|iPhone
		{4B63E07B-7E0B-49C3-933C-1EA067FE7CBD}.Ad-Hoc|iPhone.Build.0 = Ad-Hoc|iPhone
		{4B63E07B-7E0B-49C3-933C-1EA067FE7CBD}.Ad-Hoc|iPhoneSimulator.ActiveCfg = Ad-Hoc|iPhoneSimulator
		{4B63E07B-7E0B-49C3-933C-1EA067FE7CBD}.Ad-Hoc|iPhoneSimulator.Build.0 = Ad-Hoc|iPhoneSimulator
		{4B63E07B-7E0B-49C3-933C-1EA067FE7CBD}.Ad-Hoc|x64.ActiveCfg = Ad-Hoc|iPhoneSimulator
		{4B63E07B-7E0B-49C3-933C-1EA067FE7CBD}.Ad-Hoc|x86.ActiveCfg = Ad-Hoc|iPhoneSimulator
		{4B63E07B-7E0B-49C3-933C-1EA067FE7CBD}.AppStore|Any CPU.ActiveCfg = AppStore|iPhone
		{4B63E07B-7E0B-49C3-933C-1EA067FE7CBD}.AppStore|ARM.ActiveCfg = AppStore|iPhoneSimulator
		{4B63E07B-7E0B-49C3-933C-1EA067FE7CBD}.AppStore|iPhone.ActiveCfg = AppStore|iPhone
		{4B63E07B-7E0B-49C3-933C-1EA067FE7CBD}.AppStore|iPhone.Build.0 = AppStore|iPhone
		{4B63E07B-7E0B-49C3-933C-1EA067FE7CBD}.AppStore|iPhoneSimulator.ActiveCfg = AppStore|iPhoneSimulator
		{4B63E07B-7E0B-49C3-933C-1EA067FE7CBD}.AppStore|iPhoneSimulator.Build.0 = AppStore|iPhoneSimulator
		{4B63E07B-7E0B-49C3-933C-1EA067FE7CBD}.AppStore|x64.ActiveCfg = AppStore|iPhoneSimulator
		{4B63E07B-7E0B-49C3-933C-1EA067FE7CBD}.AppStore|x86.ActiveCfg = AppStore|iPhoneSimulator
		{4B63E07B-7E0B-49C3-933C-1EA067FE7CBD}.Debug|Any CPU.ActiveCfg = Debug|iPhone
		{4B63E07B-7E0B-49C3-933C-1EA067FE7CBD}.Debug|ARM.ActiveCfg = Debug|iPhoneSimulator
		{4B63E07B-7E0B-49C3-933C-1EA067FE7CBD}.Debug|iPhone.ActiveCfg = Debug|iPhone
		{4B63E07B-7E0B-49C3-933C-1EA067FE7CBD}.Debug|iPhone.Build.0 = Debug|iPhone
		{4B63E07B-7E0B-49C3-933C-1EA067FE7CBD}.Debug|iPhoneSimulator.ActiveCfg = Debug|iPhoneSimulator
		{4B63E07B-7E0B-49C3-933C-1EA067FE7CBD}.Debug|iPhoneSimulator.Build.0 = Debug|iPhoneSimulator
		{4B63E07B-7E0B-49C3-933C-1EA067FE7CBD}.Debug|x64.ActiveCfg = Debug|iPhoneSimulator
		{4B63E07B-7E0B-49C3-933C-1EA067FE7CBD}.Debug|x86.ActiveCfg = Debug|iPhoneSimulator
		{4B63E07B-7E0B-49C3-933C-1EA067FE7CBD}.DebugIOS|Any CPU.ActiveCfg = DebugIOS|iPhone
		{4B63E07B-7E0B-49C3-933C-1EA067FE7CBD}.DebugIOS|ARM.ActiveCfg = DebugIOS|iPhoneSimulator
		{4B63E07B-7E0B-49C3-933C-1EA067FE7CBD}.DebugIOS|iPhone.ActiveCfg = DebugIOS|iPhone
		{4B63E07B-7E0B-49C3-933C-1EA067FE7CBD}.DebugIOS|iPhone.Build.0 = DebugIOS|iPhone
		{4B63E07B-7E0B-49C3-933C-1EA067FE7CBD}.DebugIOS|iPhoneSimulator.ActiveCfg = DebugIOS|iPhoneSimulator
		{4B63E07B-7E0B-49C3-933C-1EA067FE7CBD}.DebugIOS|iPhoneSimulator.Build.0 = DebugIOS|iPhoneSimulator
		{4B63E07B-7E0B-49C3-933C-1EA067FE7CBD}.DebugIOS|x64.ActiveCfg = DebugIOS|iPhoneSimulator
		{4B63E07B-7E0B-49C3-933C-1EA067FE7CBD}.DebugIOS|x86.ActiveCfg = DebugIOS|iPhoneSimulator
		{4B63E07B-7E0B-49C3-933C-1EA067FE7CBD}.DebugWP8|Any CPU.ActiveCfg = DebugWP8|iPhone
		{4B63E07B-7E0B-49C3-933C-1EA067FE7CBD}.DebugWP8|ARM.ActiveCfg = DebugWP8|iPhone
		{4B63E07B-7E0B-49C3-933C-1EA067FE7CBD}.DebugWP8|iPhone.ActiveCfg = DebugWP8|iPhone
		{4B63E07B-7E0B-49C3-933C-1EA067FE7CBD}.DebugWP8|iPhoneSimulator.ActiveCfg = DebugWP8|iPhoneSimulator
		{4B63E07B-7E0B-49C3-933C-1EA067FE7CBD}.DebugWP8|x64.ActiveCfg = DebugWP8|iPhoneSimulator
		{4B63E07B-7E0B-49C3-933C-1EA067FE7CBD}.DebugWP8|x86.ActiveCfg = DebugWP8|iPhone
		{4B63E07B-7E0B-49C3-933C-1EA067FE7CBD}.Release|Any CPU.ActiveCfg = Release|iPhone
		{4B63E07B-7E0B-49C3-933C-1EA067FE7CBD}.Release|ARM.ActiveCfg = Release|iPhoneSimulator
		{4B63E07B-7E0B-49C3-933C-1EA067FE7CBD}.Release|iPhone.ActiveCfg = Release|iPhone
		{4B63E07B-7E0B-49C3-933C-1EA067FE7CBD}.Release|iPhone.Build.0 = Release|iPhone
		{4B63E07B-7E0B-49C3-933C-1EA067FE7CBD}.Release|iPhoneSimulator.ActiveCfg = Release|iPhoneSimulator
		{4B63E07B-7E0B-49C3-933C-1EA067FE7CBD}.Release|iPhoneSimulator.Build.0 = Release|iPhoneSimulator
		{4B63E07B-7E0B-49C3-933C-1EA067FE7CBD}.Release|x64.ActiveCfg = Release|iPhoneSimulator
		{4B63E07B-7E0B-49C3-933C-1EA067FE7CBD}.Release|x86.ActiveCfg = Release|iPhoneSimulator
		{293B8D36-A067-4BF1-A404-6C4AB70D30B6}.Ad-Hoc|Any CPU.ActiveCfg = Release|Any CPU
		{293B8D36-A067-4BF1-A404-6C4AB70D30B6}.Ad-Hoc|Any CPU.Build.0 = Release|Any CPU
		{293B8D36-A067-4BF1-A404-6C4AB70D30B6}.Ad-Hoc|Any CPU.Deploy.0 = Release|Any CPU
		{293B8D36-A067-4BF1-A404-6C4AB70D30B6}.Ad-Hoc|ARM.ActiveCfg = Release|ARM
		{293B8D36-A067-4BF1-A404-6C4AB70D30B6}.Ad-Hoc|ARM.Build.0 = Release|ARM
		{293B8D36-A067-4BF1-A404-6C4AB70D30B6}.Ad-Hoc|ARM.Deploy.0 = Release|ARM
		{293B8D36-A067-4BF1-A404-6C4AB70D30B6}.Ad-Hoc|iPhone.ActiveCfg = Release|Any CPU
		{293B8D36-A067-4BF1-A404-6C4AB70D30B6}.Ad-Hoc|iPhone.Build.0 = Release|Any CPU
		{293B8D36-A067-4BF1-A404-6C4AB70D30B6}.Ad-Hoc|iPhone.Deploy.0 = Release|Any CPU
		{293B8D36-A067-4BF1-A404-6C4AB70D30B6}.Ad-Hoc|iPhoneSimulator.ActiveCfg = Release|Any CPU
		{293B8D36-A067-4BF1-A404-6C4AB70D30B6}.Ad-Hoc|iPhoneSimulator.Build.0 = Release|Any CPU
		{293B8D36-A067-4BF1-A404-6C4AB70D30B6}.Ad-Hoc|iPhoneSimulator.Deploy.0 = Release|Any CPU
		{293B8D36-A067-4BF1-A404-6C4AB70D30B6}.Ad-Hoc|x64.ActiveCfg = DebugWP8|Any CPU
		{293B8D36-A067-4BF1-A404-6C4AB70D30B6}.Ad-Hoc|x64.Build.0 = DebugWP8|Any CPU
		{293B8D36-A067-4BF1-A404-6C4AB70D30B6}.Ad-Hoc|x64.Deploy.0 = DebugWP8|Any CPU
		{293B8D36-A067-4BF1-A404-6C4AB70D30B6}.Ad-Hoc|x86.ActiveCfg = Release|x86
		{293B8D36-A067-4BF1-A404-6C4AB70D30B6}.Ad-Hoc|x86.Build.0 = Release|x86
		{293B8D36-A067-4BF1-A404-6C4AB70D30B6}.Ad-Hoc|x86.Deploy.0 = Release|x86
		{293B8D36-A067-4BF1-A404-6C4AB70D30B6}.AppStore|Any CPU.ActiveCfg = Release|Any CPU
		{293B8D36-A067-4BF1-A404-6C4AB70D30B6}.AppStore|Any CPU.Build.0 = Release|Any CPU
		{293B8D36-A067-4BF1-A404-6C4AB70D30B6}.AppStore|Any CPU.Deploy.0 = Release|Any CPU
		{293B8D36-A067-4BF1-A404-6C4AB70D30B6}.AppStore|ARM.ActiveCfg = Release|ARM
		{293B8D36-A067-4BF1-A404-6C4AB70D30B6}.AppStore|ARM.Build.0 = Release|ARM
		{293B8D36-A067-4BF1-A404-6C4AB70D30B6}.AppStore|ARM.Deploy.0 = Release|ARM
		{293B8D36-A067-4BF1-A404-6C4AB70D30B6}.AppStore|iPhone.ActiveCfg = Release|Any CPU
		{293B8D36-A067-4BF1-A404-6C4AB70D30B6}.AppStore|iPhone.Build.0 = Release|Any CPU
		{293B8D36-A067-4BF1-A404-6C4AB70D30B6}.AppStore|iPhone.Deploy.0 = Release|Any CPU
		{293B8D36-A067-4BF1-A404-6C4AB70D30B6}.AppStore|iPhoneSimulator.ActiveCfg = Release|Any CPU
		{293B8D36-A067-4BF1-A404-6C4AB70D30B6}.AppStore|iPhoneSimulator.Build.0 = Release|Any CPU
		{293B8D36-A067-4BF1-A404-6C4AB70D30B6}.AppStore|iPhoneSimulator.Deploy.0 = Release|Any CPU
		{293B8D36-A067-4BF1-A404-6C4AB70D30B6}.AppStore|x64.ActiveCfg = DebugWP8|Any CPU
		{293B8D36-A067-4BF1-A404-6C4AB70D30B6}.AppStore|x64.Build.0 = DebugWP8|Any CPU
		{293B8D36-A067-4BF1-A404-6C4AB70D30B6}.AppStore|x64.Deploy.0 = DebugWP8|Any CPU
		{293B8D36-A067-4BF1-A404-6C4AB70D30B6}.AppStore|x86.ActiveCfg = Release|x86
		{293B8D36-A067-4BF1-A404-6C4AB70D30B6}.AppStore|x86.Build.0 = Release|x86
		{293B8D36-A067-4BF1-A404-6C4AB70D30B6}.AppStore|x86.Deploy.0 = Release|x86
		{293B8D36-A067-4BF1-A404-6C4AB70D30B6}.Debug|Any CPU.ActiveCfg = Debug|Any CPU
		{293B8D36-A067-4BF1-A404-6C4AB70D30B6}.Debug|ARM.ActiveCfg = Debug|ARM
		{293B8D36-A067-4BF1-A404-6C4AB70D30B6}.Debug|ARM.Build.0 = Debug|ARM
		{293B8D36-A067-4BF1-A404-6C4AB70D30B6}.Debug|ARM.Deploy.0 = Debug|ARM
		{293B8D36-A067-4BF1-A404-6C4AB70D30B6}.Debug|iPhone.ActiveCfg = Debug|Any CPU
		{293B8D36-A067-4BF1-A404-6C4AB70D30B6}.Debug|iPhone.Build.0 = Debug|Any CPU
		{293B8D36-A067-4BF1-A404-6C4AB70D30B6}.Debug|iPhone.Deploy.0 = Debug|Any CPU
		{293B8D36-A067-4BF1-A404-6C4AB70D30B6}.Debug|iPhoneSimulator.ActiveCfg = Debug|Any CPU
		{293B8D36-A067-4BF1-A404-6C4AB70D30B6}.Debug|iPhoneSimulator.Build.0 = Debug|Any CPU
		{293B8D36-A067-4BF1-A404-6C4AB70D30B6}.Debug|iPhoneSimulator.Deploy.0 = Debug|Any CPU
		{293B8D36-A067-4BF1-A404-6C4AB70D30B6}.Debug|x64.ActiveCfg = Debug|Any CPU
		{293B8D36-A067-4BF1-A404-6C4AB70D30B6}.Debug|x64.Build.0 = Debug|Any CPU
		{293B8D36-A067-4BF1-A404-6C4AB70D30B6}.Debug|x64.Deploy.0 = Debug|Any CPU
		{293B8D36-A067-4BF1-A404-6C4AB70D30B6}.Debug|x86.ActiveCfg = Debug|x86
		{293B8D36-A067-4BF1-A404-6C4AB70D30B6}.Debug|x86.Build.0 = Debug|x86
		{293B8D36-A067-4BF1-A404-6C4AB70D30B6}.Debug|x86.Deploy.0 = Debug|x86
		{293B8D36-A067-4BF1-A404-6C4AB70D30B6}.DebugIOS|Any CPU.ActiveCfg = Debug|Any CPU
		{293B8D36-A067-4BF1-A404-6C4AB70D30B6}.DebugIOS|ARM.ActiveCfg = Debug|ARM
		{293B8D36-A067-4BF1-A404-6C4AB70D30B6}.DebugIOS|ARM.Build.0 = Debug|ARM
		{293B8D36-A067-4BF1-A404-6C4AB70D30B6}.DebugIOS|ARM.Deploy.0 = Debug|ARM
		{293B8D36-A067-4BF1-A404-6C4AB70D30B6}.DebugIOS|iPhone.ActiveCfg = Debug|Any CPU
		{293B8D36-A067-4BF1-A404-6C4AB70D30B6}.DebugIOS|iPhone.Build.0 = Debug|Any CPU
		{293B8D36-A067-4BF1-A404-6C4AB70D30B6}.DebugIOS|iPhone.Deploy.0 = Debug|Any CPU
		{293B8D36-A067-4BF1-A404-6C4AB70D30B6}.DebugIOS|iPhoneSimulator.ActiveCfg = Debug|Any CPU
		{293B8D36-A067-4BF1-A404-6C4AB70D30B6}.DebugIOS|iPhoneSimulator.Build.0 = Debug|Any CPU
		{293B8D36-A067-4BF1-A404-6C4AB70D30B6}.DebugIOS|iPhoneSimulator.Deploy.0 = Debug|Any CPU
		{293B8D36-A067-4BF1-A404-6C4AB70D30B6}.DebugIOS|x64.ActiveCfg = DebugWP8|Any CPU
		{293B8D36-A067-4BF1-A404-6C4AB70D30B6}.DebugIOS|x64.Build.0 = DebugWP8|Any CPU
		{293B8D36-A067-4BF1-A404-6C4AB70D30B6}.DebugIOS|x64.Deploy.0 = DebugWP8|Any CPU
		{293B8D36-A067-4BF1-A404-6C4AB70D30B6}.DebugIOS|x86.ActiveCfg = Debug|x86
		{293B8D36-A067-4BF1-A404-6C4AB70D30B6}.DebugIOS|x86.Build.0 = Debug|x86
		{293B8D36-A067-4BF1-A404-6C4AB70D30B6}.DebugIOS|x86.Deploy.0 = Debug|x86
		{293B8D36-A067-4BF1-A404-6C4AB70D30B6}.DebugWP8|Any CPU.ActiveCfg = DebugWP8|Any CPU
		{293B8D36-A067-4BF1-A404-6C4AB70D30B6}.DebugWP8|Any CPU.Build.0 = DebugWP8|Any CPU
		{293B8D36-A067-4BF1-A404-6C4AB70D30B6}.DebugWP8|Any CPU.Deploy.0 = DebugWP8|Any CPU
		{293B8D36-A067-4BF1-A404-6C4AB70D30B6}.DebugWP8|ARM.ActiveCfg = DebugWP8|ARM
		{293B8D36-A067-4BF1-A404-6C4AB70D30B6}.DebugWP8|ARM.Build.0 = DebugWP8|ARM
		{293B8D36-A067-4BF1-A404-6C4AB70D30B6}.DebugWP8|ARM.Deploy.0 = DebugWP8|ARM
		{293B8D36-A067-4BF1-A404-6C4AB70D30B6}.DebugWP8|iPhone.ActiveCfg = DebugWP8|Any CPU
		{293B8D36-A067-4BF1-A404-6C4AB70D30B6}.DebugWP8|iPhone.Build.0 = DebugWP8|Any CPU
		{293B8D36-A067-4BF1-A404-6C4AB70D30B6}.DebugWP8|iPhone.Deploy.0 = DebugWP8|Any CPU
		{293B8D36-A067-4BF1-A404-6C4AB70D30B6}.DebugWP8|iPhoneSimulator.ActiveCfg = DebugWP8|Any CPU
		{293B8D36-A067-4BF1-A404-6C4AB70D30B6}.DebugWP8|iPhoneSimulator.Build.0 = DebugWP8|Any CPU
		{293B8D36-A067-4BF1-A404-6C4AB70D30B6}.DebugWP8|iPhoneSimulator.Deploy.0 = DebugWP8|Any CPU
		{293B8D36-A067-4BF1-A404-6C4AB70D30B6}.DebugWP8|x64.ActiveCfg = DebugWP8|Any CPU
		{293B8D36-A067-4BF1-A404-6C4AB70D30B6}.DebugWP8|x64.Build.0 = DebugWP8|Any CPU
		{293B8D36-A067-4BF1-A404-6C4AB70D30B6}.DebugWP8|x64.Deploy.0 = DebugWP8|Any CPU
		{293B8D36-A067-4BF1-A404-6C4AB70D30B6}.DebugWP8|x86.ActiveCfg = DebugWP8|x86
		{293B8D36-A067-4BF1-A404-6C4AB70D30B6}.DebugWP8|x86.Build.0 = DebugWP8|x86
		{293B8D36-A067-4BF1-A404-6C4AB70D30B6}.DebugWP8|x86.Deploy.0 = DebugWP8|x86
		{293B8D36-A067-4BF1-A404-6C4AB70D30B6}.Release|Any CPU.ActiveCfg = Release|Any CPU
		{293B8D36-A067-4BF1-A404-6C4AB70D30B6}.Release|Any CPU.Build.0 = Release|Any CPU
		{293B8D36-A067-4BF1-A404-6C4AB70D30B6}.Release|Any CPU.Deploy.0 = Release|Any CPU
		{293B8D36-A067-4BF1-A404-6C4AB70D30B6}.Release|ARM.ActiveCfg = Release|ARM
		{293B8D36-A067-4BF1-A404-6C4AB70D30B6}.Release|ARM.Build.0 = Release|ARM
		{293B8D36-A067-4BF1-A404-6C4AB70D30B6}.Release|ARM.Deploy.0 = Release|ARM
		{293B8D36-A067-4BF1-A404-6C4AB70D30B6}.Release|iPhone.ActiveCfg = Release|Any CPU
		{293B8D36-A067-4BF1-A404-6C4AB70D30B6}.Release|iPhone.Build.0 = Release|Any CPU
		{293B8D36-A067-4BF1-A404-6C4AB70D30B6}.Release|iPhone.Deploy.0 = Release|Any CPU
		{293B8D36-A067-4BF1-A404-6C4AB70D30B6}.Release|iPhoneSimulator.ActiveCfg = Release|Any CPU
		{293B8D36-A067-4BF1-A404-6C4AB70D30B6}.Release|iPhoneSimulator.Build.0 = Release|Any CPU
		{293B8D36-A067-4BF1-A404-6C4AB70D30B6}.Release|iPhoneSimulator.Deploy.0 = Release|Any CPU
		{293B8D36-A067-4BF1-A404-6C4AB70D30B6}.Release|x64.ActiveCfg = Release|Any CPU
		{293B8D36-A067-4BF1-A404-6C4AB70D30B6}.Release|x64.Build.0 = Release|Any CPU
		{293B8D36-A067-4BF1-A404-6C4AB70D30B6}.Release|x64.Deploy.0 = Release|Any CPU
		{293B8D36-A067-4BF1-A404-6C4AB70D30B6}.Release|x86.ActiveCfg = Release|x86
		{293B8D36-A067-4BF1-A404-6C4AB70D30B6}.Release|x86.Build.0 = Release|x86
		{293B8D36-A067-4BF1-A404-6C4AB70D30B6}.Release|x86.Deploy.0 = Release|x86
		{51334677-A80F-40F7-8CFE-5DA0A92AC0C6}.Ad-Hoc|Any CPU.ActiveCfg = Release|ARM
		{51334677-A80F-40F7-8CFE-5DA0A92AC0C6}.Ad-Hoc|Any CPU.Build.0 = Release|ARM
		{51334677-A80F-40F7-8CFE-5DA0A92AC0C6}.Ad-Hoc|ARM.ActiveCfg = Release|ARM
		{51334677-A80F-40F7-8CFE-5DA0A92AC0C6}.Ad-Hoc|ARM.Build.0 = Release|ARM
		{51334677-A80F-40F7-8CFE-5DA0A92AC0C6}.Ad-Hoc|iPhone.ActiveCfg = Release|ARM
		{51334677-A80F-40F7-8CFE-5DA0A92AC0C6}.Ad-Hoc|iPhone.Build.0 = Release|ARM
		{51334677-A80F-40F7-8CFE-5DA0A92AC0C6}.Ad-Hoc|iPhoneSimulator.ActiveCfg = Release|ARM
		{51334677-A80F-40F7-8CFE-5DA0A92AC0C6}.Ad-Hoc|iPhoneSimulator.Build.0 = Release|ARM
		{51334677-A80F-40F7-8CFE-5DA0A92AC0C6}.Ad-Hoc|x64.ActiveCfg = Release|ARM
		{51334677-A80F-40F7-8CFE-5DA0A92AC0C6}.Ad-Hoc|x64.Build.0 = Release|ARM
		{51334677-A80F-40F7-8CFE-5DA0A92AC0C6}.Ad-Hoc|x86.ActiveCfg = Release|Win32
		{51334677-A80F-40F7-8CFE-5DA0A92AC0C6}.Ad-Hoc|x86.Build.0 = Release|Win32
		{51334677-A80F-40F7-8CFE-5DA0A92AC0C6}.AppStore|Any CPU.ActiveCfg = Release|ARM
		{51334677-A80F-40F7-8CFE-5DA0A92AC0C6}.AppStore|Any CPU.Build.0 = Release|ARM
		{51334677-A80F-40F7-8CFE-5DA0A92AC0C6}.AppStore|ARM.ActiveCfg = Release|ARM
		{51334677-A80F-40F7-8CFE-5DA0A92AC0C6}.AppStore|ARM.Build.0 = Release|ARM
		{51334677-A80F-40F7-8CFE-5DA0A92AC0C6}.AppStore|iPhone.ActiveCfg = Release|ARM
		{51334677-A80F-40F7-8CFE-5DA0A92AC0C6}.AppStore|iPhone.Build.0 = Release|ARM
		{51334677-A80F-40F7-8CFE-5DA0A92AC0C6}.AppStore|iPhoneSimulator.ActiveCfg = Release|ARM
		{51334677-A80F-40F7-8CFE-5DA0A92AC0C6}.AppStore|iPhoneSimulator.Build.0 = Release|ARM
		{51334677-A80F-40F7-8CFE-5DA0A92AC0C6}.AppStore|x64.ActiveCfg = Release|ARM
		{51334677-A80F-40F7-8CFE-5DA0A92AC0C6}.AppStore|x64.Build.0 = Release|ARM
		{51334677-A80F-40F7-8CFE-5DA0A92AC0C6}.AppStore|x86.ActiveCfg = Release|Win32
		{51334677-A80F-40F7-8CFE-5DA0A92AC0C6}.AppStore|x86.Build.0 = Release|Win32
		{51334677-A80F-40F7-8CFE-5DA0A92AC0C6}.Debug|Any CPU.ActiveCfg = Debug|Win32
		{51334677-A80F-40F7-8CFE-5DA0A92AC0C6}.Debug|ARM.ActiveCfg = Debug|ARM
		{51334677-A80F-40F7-8CFE-5DA0A92AC0C6}.Debug|ARM.Build.0 = Debug|ARM
		{51334677-A80F-40F7-8CFE-5DA0A92AC0C6}.Debug|iPhone.ActiveCfg = Debug|Win32
		{51334677-A80F-40F7-8CFE-5DA0A92AC0C6}.Debug|iPhoneSimulator.ActiveCfg = Debug|Win32
		{51334677-A80F-40F7-8CFE-5DA0A92AC0C6}.Debug|x64.ActiveCfg = Debug|Win32
		{51334677-A80F-40F7-8CFE-5DA0A92AC0C6}.Debug|x86.ActiveCfg = Debug|Win32
		{51334677-A80F-40F7-8CFE-5DA0A92AC0C6}.Debug|x86.Build.0 = Debug|Win32
		{51334677-A80F-40F7-8CFE-5DA0A92AC0C6}.DebugIOS|Any CPU.ActiveCfg = Release|ARM
		{51334677-A80F-40F7-8CFE-5DA0A92AC0C6}.DebugIOS|Any CPU.Build.0 = Release|ARM
		{51334677-A80F-40F7-8CFE-5DA0A92AC0C6}.DebugIOS|ARM.ActiveCfg = Debug|ARM
		{51334677-A80F-40F7-8CFE-5DA0A92AC0C6}.DebugIOS|ARM.Build.0 = Debug|ARM
		{51334677-A80F-40F7-8CFE-5DA0A92AC0C6}.DebugIOS|iPhone.ActiveCfg = Release|ARM
		{51334677-A80F-40F7-8CFE-5DA0A92AC0C6}.DebugIOS|iPhone.Build.0 = Release|ARM
		{51334677-A80F-40F7-8CFE-5DA0A92AC0C6}.DebugIOS|iPhoneSimulator.ActiveCfg = Release|ARM
		{51334677-A80F-40F7-8CFE-5DA0A92AC0C6}.DebugIOS|iPhoneSimulator.Build.0 = Release|ARM
		{51334677-A80F-40F7-8CFE-5DA0A92AC0C6}.DebugIOS|x64.ActiveCfg = Release|ARM
		{51334677-A80F-40F7-8CFE-5DA0A92AC0C6}.DebugIOS|x64.Build.0 = Release|ARM
		{51334677-A80F-40F7-8CFE-5DA0A92AC0C6}.DebugIOS|x86.ActiveCfg = Debug|Win32
		{51334677-A80F-40F7-8CFE-5DA0A92AC0C6}.DebugIOS|x86.Build.0 = Debug|Win32
		{51334677-A80F-40F7-8CFE-5DA0A92AC0C6}.DebugWP8|Any CPU.ActiveCfg = Release|ARM
		{51334677-A80F-40F7-8CFE-5DA0A92AC0C6}.DebugWP8|Any CPU.Build.0 = Release|ARM
		{51334677-A80F-40F7-8CFE-5DA0A92AC0C6}.DebugWP8|ARM.ActiveCfg = Debug|ARM
		{51334677-A80F-40F7-8CFE-5DA0A92AC0C6}.DebugWP8|ARM.Build.0 = Debug|ARM
		{51334677-A80F-40F7-8CFE-5DA0A92AC0C6}.DebugWP8|iPhone.ActiveCfg = Release|ARM
		{51334677-A80F-40F7-8CFE-5DA0A92AC0C6}.DebugWP8|iPhone.Build.0 = Release|ARM
		{51334677-A80F-40F7-8CFE-5DA0A92AC0C6}.DebugWP8|iPhoneSimulator.ActiveCfg = Release|ARM
		{51334677-A80F-40F7-8CFE-5DA0A92AC0C6}.DebugWP8|iPhoneSimulator.Build.0 = Release|ARM
		{51334677-A80F-40F7-8CFE-5DA0A92AC0C6}.DebugWP8|x64.ActiveCfg = Release|ARM
		{51334677-A80F-40F7-8CFE-5DA0A92AC0C6}.DebugWP8|x64.Build.0 = Release|ARM
		{51334677-A80F-40F7-8CFE-5DA0A92AC0C6}.DebugWP8|x86.ActiveCfg = Debug|Win32
		{51334677-A80F-40F7-8CFE-5DA0A92AC0C6}.DebugWP8|x86.Build.0 = Debug|Win32
		{51334677-A80F-40F7-8CFE-5DA0A92AC0C6}.Release|Any CPU.ActiveCfg = Release|Win32
		{51334677-A80F-40F7-8CFE-5DA0A92AC0C6}.Release|ARM.ActiveCfg = Release|ARM
		{51334677-A80F-40F7-8CFE-5DA0A92AC0C6}.Release|ARM.Build.0 = Release|ARM
		{51334677-A80F-40F7-8CFE-5DA0A92AC0C6}.Release|iPhone.ActiveCfg = Release|Win32
		{51334677-A80F-40F7-8CFE-5DA0A92AC0C6}.Release|iPhoneSimulator.ActiveCfg = Release|Win32
		{51334677-A80F-40F7-8CFE-5DA0A92AC0C6}.Release|x64.ActiveCfg = Release|Win32
		{51334677-A80F-40F7-8CFE-5DA0A92AC0C6}.Release|x86.ActiveCfg = Release|Win32
		{51334677-A80F-40F7-8CFE-5DA0A92AC0C6}.Release|x86.Build.0 = Release|Win32
	EndGlobalSection
	GlobalSection(SolutionProperties) = preSolution
		HideSolutionNode = FALSE
	EndGlobalSection
	GlobalSection(MonoDevelopProperties) = preSolution
		Policies = $0
		$0.StandardHeader = $1
		$1.Text = @<copyright file="${FileName}" company="Wherigo Foundation">\n  WF.Player - A Wherigo Player which use the Wherigo Foundation Core.\n  Copyright (C) 2012-2015  Dirk Weltz (mail@wfplayer.com)\n</copyright>\n\nThis program is free software: you can redistribute it and/or modify\nit under the terms of the GNU Lesser General Public License as\npublished by the Free Software Foundation, either version 3 of the\nLicense, or (at your option) any later version.\n\nThis program is distributed in the hope that it will be useful,\nbut WITHOUT ANY WARRANTY; without even the implied warranty of\nMERCHANTABILITY or FITNESS FOR A PARTICULAR PURPOSE.  See the\nGNU Lesser General Public License for more details.\n\nYou should have received a copy of the GNU Lesser General Public License\nalong with this program.  If not, see <http://www.gnu.org/licenses/>.\n
		$1.IncludeInNewFiles = True
		$0.DotNetNamingPolicy = $2
		$2.DirectoryNamespaceAssociation = None
		$2.ResourceNamePolicy = FileFormatDefault
		$0.TextStylePolicy = $6
		$3.inheritsSet = null
		$3.scope = application/t4-template
		$4.inheritsSet = null
		$4.scope = text/x-csharp
		$0.CSharpFormattingPolicy = $5
		$5.IndentSwitchBody = True
		$5.IndentBlocksInsideExpressions = True
		$5.AnonymousMethodBraceStyle = NextLine
		$5.PropertyBraceStyle = NextLine
		$5.PropertyGetBraceStyle = NextLine
		$5.PropertySetBraceStyle = NextLine
		$5.EventBraceStyle = NextLine
		$5.EventAddBraceStyle = NextLine
		$5.EventRemoveBraceStyle = NextLine
		$5.StatementBraceStyle = NextLine
		$5.ElseNewLinePlacement = NewLine
		$5.CatchNewLinePlacement = NewLine
		$5.FinallyNewLinePlacement = NewLine
		$5.BeforeMethodDeclarationParentheses = False
		$5.BeforeMethodCallParentheses = False
		$5.BeforeConstructorDeclarationParentheses = False
		$5.NewLineBeforeConstructorInitializerColon = SameLine
		$5.NewLineAfterConstructorInitializerColon = SameLine
		$5.BeforeIndexerDeclarationBracket = False
		$5.BeforeDelegateDeclarationParentheses = False
		$5.AfterDelegateDeclarationParameterComma = True
		$5.NewParentheses = False
		$5.SpacesBeforeBrackets = False
		$5.inheritsSet = Mono
		$5.inheritsScope = text/x-csharp
		$5.scope = text/x-csharp
		$6.FileWidth = 120
		$6.TabsToSpaces = False
		$6.inheritsSet = VisualStudio
		$6.inheritsScope = text/plain
		$6.scope = text/plain
		version = 0.6
	EndGlobalSection
EndGlobal
