
Microsoft Visual Studio Solution File, Format Version 12.00
# Visual Studio 2013
VisualStudioVersion = 12.0.30723.0
MinimumVisualStudioVersion = 10.0.40219.1
Project("{8BC9CEB8-8B4A-11D0-8D11-00A0C91BC942}") = "lua52", "lua52\lua52.vcxproj", "{ABD36435-56AD-4940-B51A-10AEECA46C01}"
EndProject
Project("{8BC9CEB8-8B4A-11D0-8D11-00A0C91BC942}") = "lua52x", "lua52x\lua52x.vcxproj", "{51334677-A80F-40F7-8CFE-5DA0A92AC0C6}"
EndProject
Global
	GlobalSection(SolutionConfigurationPlatforms) = preSolution
		Debug|ARM = Debug|ARM
		Debug|Win32 = Debug|Win32
		Debug|x64 = Debug|x64
		Release|ARM = Release|ARM
		Release|Win32 = Release|Win32
		Release|x64 = Release|x64
	EndGlobalSection
	GlobalSection(ProjectConfigurationPlatforms) = postSolution
		{ABD36435-56AD-4940-B51A-10AEECA46C01}.Debug|ARM.ActiveCfg = Debug|ARM
		{ABD36435-56AD-4940-B51A-10AEECA46C01}.Debug|ARM.Build.0 = Debug|ARM
		{ABD36435-56AD-4940-B51A-10AEECA46C01}.Debug|Win32.ActiveCfg = Debug|Win32
		{ABD36435-56AD-4940-B51A-10AEECA46C01}.Debug|Win32.Build.0 = Debug|Win32
		{ABD36435-56AD-4940-B51A-10AEECA46C01}.Debug|x64.ActiveCfg = Debug|Win32
		{ABD36435-56AD-4940-B51A-10AEECA46C01}.Release|ARM.ActiveCfg = Release|ARM
		{ABD36435-56AD-4940-B51A-10AEECA46C01}.Release|ARM.Build.0 = Release|ARM
		{ABD36435-56AD-4940-B51A-10AEECA46C01}.Release|Win32.ActiveCfg = Release|Win32
		{ABD36435-56AD-4940-B51A-10AEECA46C01}.Release|Win32.Build.0 = Release|Win32
		{ABD36435-56AD-4940-B51A-10AEECA46C01}.Release|x64.ActiveCfg = Release|Win32
		{51334677-A80F-40F7-8CFE-5DA0A92AC0C6}.Debug|ARM.ActiveCfg = Debug|ARM
		{51334677-A80F-40F7-8CFE-5DA0A92AC0C6}.Debug|ARM.Build.0 = Debug|ARM
		{51334677-A80F-40F7-8CFE-5DA0A92AC0C6}.Debug|Win32.ActiveCfg = Debug|Win32
		{51334677-A80F-40F7-8CFE-5DA0A92AC0C6}.Debug|Win32.Build.0 = Debug|Win32
		{51334677-A80F-40F7-8CFE-5DA0A92AC0C6}.Debug|x64.ActiveCfg = Debug|Win32
		{51334677-A80F-40F7-8CFE-5DA0A92AC0C6}.Release|ARM.ActiveCfg = Release|ARM
		{51334677-A80F-40F7-8CFE-5DA0A92AC0C6}.Release|ARM.Build.0 = Release|ARM
		{51334677-A80F-40F7-8CFE-5DA0A92AC0C6}.Release|Win32.ActiveCfg = Release|Win32
		{51334677-A80F-40F7-8CFE-5DA0A92AC0C6}.Release|Win32.Build.0 = Release|Win32
		{51334677-A80F-40F7-8CFE-5DA0A92AC0C6}.Release|x64.ActiveCfg = Release|Win32
	EndGlobalSection
	GlobalSection(SolutionProperties) = preSolution
		HideSolutionNode = FALSE
	EndGlobalSection
EndGlobal
